// !$*UTF8*$!
{
   archiveVersion = "1";
   objectVersion = "46";
   objects = {
      "KZFileWatchers::KZFileWatchers" = {
         isa = "PBXNativeTarget";
         buildConfigurationList = "OBJ_119";
         buildPhases = (
            "OBJ_122",
            "OBJ_126"
         );
         dependencies = (
         );
         name = "KZFileWatchers";
         productName = "KZFileWatchers";
         productReference = "KZFileWatchers::KZFileWatchers::Product";
         productType = "com.apple.product-type.framework";
      };
      "KZFileWatchers::KZFileWatchers::Product" = {
         isa = "PBXFileReference";
         path = "KZFileWatchers.framework";
         sourceTree = "BUILT_PRODUCTS_DIR";
      };
      "KZFileWatchers::SwiftPMPackageDescription" = {
         isa = "PBXNativeTarget";
         buildConfigurationList = "OBJ_128";
         buildPhases = (
            "OBJ_131"
         );
         dependencies = (
         );
         name = "KZFileWatchersPackageDescription";
         productName = "KZFileWatchersPackageDescription";
         productType = "com.apple.product-type.framework";
      };
      "OBJ_1" = {
         isa = "PBXProject";
         attributes = {
            LastSwiftMigration = "9999";
            LastUpgradeCheck = "9999";
         };
         buildConfigurationList = "OBJ_2";
         compatibilityVersion = "Xcode 3.2";
         developmentRegion = "en";
         hasScannedForEncodings = "0";
         knownRegions = (
            "en"
         );
         mainGroup = "OBJ_5";
         productRefGroup = "OBJ_84";
         projectDirPath = ".";
         targets = (
            "Yams::CYaml",
            "KZFileWatchers::KZFileWatchers",
            "KZFileWatchers::SwiftPMPackageDescription",
            "Stylist::Stylist",
            "Stylist::SwiftPMPackageDescription",
            "Stylist::StylistPackageTests::ProductTarget",
            "Stylist::StylistTests",
            "Yams::Yams",
            "Yams::SwiftPMPackageDescription"
         );
      };
      "OBJ_10" = {
         isa = "PBXGroup";
         children = (
            "OBJ_11",
            "OBJ_12",
            "OBJ_13",
            "OBJ_17",
            "OBJ_18",
            "OBJ_19",
            "OBJ_20",
            "OBJ_21",
            "OBJ_22",
            "OBJ_23",
            "OBJ_24",
            "OBJ_25",
            "OBJ_32",
            "OBJ_33",
            "OBJ_34",
            "OBJ_35",
            "OBJ_36"
         );
         name = "Stylist";
         path = "Stylist";
         sourceTree = "SOURCE_ROOT";
      };
      "OBJ_100" = {
         isa = "PBXFileReference";
         path = "Stylist.podspec";
         sourceTree = "<group>";
      };
      "OBJ_101" = {
         isa = "PBXFileReference";
         path = "Podfile";
         sourceTree = "<group>";
      };
      "OBJ_102" = {
         isa = "PBXFileReference";
         path = "Podfile.lock";
         sourceTree = "<group>";
      };
      "OBJ_104" = {
         isa = "XCConfigurationList";
         buildConfigurations = (
            "OBJ_105",
            "OBJ_106"
         );
         defaultConfigurationIsVisible = "0";
         defaultConfigurationName = "Release";
      };
      "OBJ_105" = {
         isa = "XCBuildConfiguration";
         baseConfigurationReference = "OBJ_8";
         buildSettings = {
            CLANG_ENABLE_MODULES = "YES";
            DEFINES_MODULE = "YES";
            ENABLE_TESTABILITY = "YES";
            FRAMEWORK_SEARCH_PATHS = (
               "$(inherited)",
               "$(PLATFORM_DIR)/Developer/Library/Frameworks"
            );
            HEADER_SEARCH_PATHS = (
               "$(inherited)",
               "$(SRCROOT)/.build/checkouts/Yams/Sources/CYaml/include"
            );
            INFOPLIST_FILE = "Stylist.xcodeproj/CYaml_Info.plist";
            IPHONEOS_DEPLOYMENT_TARGET = "8.0";
            LD_RUNPATH_SEARCH_PATHS = (
               "$(inherited)",
               "$(TOOLCHAIN_DIR)/usr/lib/swift/macosx"
            );
            MACOSX_DEPLOYMENT_TARGET = "10.10";
            OTHER_CFLAGS = (
               "$(inherited)"
            );
            OTHER_LDFLAGS = (
               "$(inherited)"
            );
            OTHER_SWIFT_FLAGS = (
               "$(inherited)"
            );
            PRODUCT_BUNDLE_IDENTIFIER = "CYaml";
            PRODUCT_MODULE_NAME = "$(TARGET_NAME:c99extidentifier)";
            PRODUCT_NAME = "$(TARGET_NAME:c99extidentifier)";
            SKIP_INSTALL = "YES";
            SWIFT_ACTIVE_COMPILATION_CONDITIONS = (
               "$(inherited)"
            );
            TARGET_NAME = "CYaml";
            TVOS_DEPLOYMENT_TARGET = "9.0";
            WATCHOS_DEPLOYMENT_TARGET = "2.0";
         };
         name = "Debug";
      };
      "OBJ_106" = {
         isa = "XCBuildConfiguration";
         baseConfigurationReference = "OBJ_8";
         buildSettings = {
            CLANG_ENABLE_MODULES = "YES";
            DEFINES_MODULE = "YES";
            ENABLE_TESTABILITY = "YES";
            FRAMEWORK_SEARCH_PATHS = (
               "$(inherited)",
               "$(PLATFORM_DIR)/Developer/Library/Frameworks"
            );
            HEADER_SEARCH_PATHS = (
               "$(inherited)",
               "$(SRCROOT)/.build/checkouts/Yams/Sources/CYaml/include"
            );
            INFOPLIST_FILE = "Stylist.xcodeproj/CYaml_Info.plist";
            IPHONEOS_DEPLOYMENT_TARGET = "8.0";
            LD_RUNPATH_SEARCH_PATHS = (
               "$(inherited)",
               "$(TOOLCHAIN_DIR)/usr/lib/swift/macosx"
            );
            MACOSX_DEPLOYMENT_TARGET = "10.10";
            OTHER_CFLAGS = (
               "$(inherited)"
            );
            OTHER_LDFLAGS = (
               "$(inherited)"
            );
            OTHER_SWIFT_FLAGS = (
               "$(inherited)"
            );
            PRODUCT_BUNDLE_IDENTIFIER = "CYaml";
            PRODUCT_MODULE_NAME = "$(TARGET_NAME:c99extidentifier)";
            PRODUCT_NAME = "$(TARGET_NAME:c99extidentifier)";
            SKIP_INSTALL = "YES";
            SWIFT_ACTIVE_COMPILATION_CONDITIONS = (
               "$(inherited)"
            );
            TARGET_NAME = "CYaml";
            TVOS_DEPLOYMENT_TARGET = "9.0";
            WATCHOS_DEPLOYMENT_TARGET = "2.0";
         };
         name = "Release";
      };
      "OBJ_107" = {
         isa = "PBXSourcesBuildPhase";
         files = (
            "OBJ_108",
            "OBJ_109",
            "OBJ_110",
            "OBJ_111",
            "OBJ_112",
            "OBJ_113"
         );
      };
      "OBJ_108" = {
         isa = "PBXBuildFile";
         fileRef = "OBJ_48";
      };
      "OBJ_109" = {
         isa = "PBXBuildFile";
         fileRef = "OBJ_49";
      };
      "OBJ_11" = {
         isa = "PBXFileReference";
         path = "ios.xcconfig";
         sourceTree = "<group>";
      };
      "OBJ_110" = {
         isa = "PBXBuildFile";
         fileRef = "OBJ_50";
      };
      "OBJ_111" = {
         isa = "PBXBuildFile";
         fileRef = "OBJ_51";
      };
      "OBJ_112" = {
         isa = "PBXBuildFile";
         fileRef = "OBJ_52";
      };
      "OBJ_113" = {
         isa = "PBXBuildFile";
         fileRef = "OBJ_53";
      };
      "OBJ_114" = {
         isa = "PBXHeadersBuildPhase";
         files = (
            "OBJ_115",
            "OBJ_116"
         );
      };
      "OBJ_115" = {
         isa = "PBXBuildFile";
         fileRef = "OBJ_55";
         settings = {
            ATTRIBUTES = (
               "Public"
            );
         };
      };
      "OBJ_116" = {
         isa = "PBXBuildFile";
         fileRef = "OBJ_56";
         settings = {
            ATTRIBUTES = (
               "Public"
            );
         };
      };
      "OBJ_117" = {
         isa = "PBXFrameworksBuildPhase";
         files = (
         );
      };
      "OBJ_119" = {
         isa = "XCConfigurationList";
         buildConfigurations = (
            "OBJ_120",
            "OBJ_121"
         );
         defaultConfigurationIsVisible = "0";
         defaultConfigurationName = "Release";
      };
      "OBJ_12" = {
         isa = "PBXFileReference";
         path = "Info.plist";
         sourceTree = "<group>";
      };
      "OBJ_120" = {
         isa = "XCBuildConfiguration";
         baseConfigurationReference = "OBJ_8";
         buildSettings = {
            ENABLE_TESTABILITY = "YES";
            FRAMEWORK_SEARCH_PATHS = (
               "$(inherited)",
               "$(PLATFORM_DIR)/Developer/Library/Frameworks"
            );
            HEADER_SEARCH_PATHS = (
               "$(inherited)"
            );
            INFOPLIST_FILE = "Stylist.xcodeproj/KZFileWatchers_Info.plist";
            IPHONEOS_DEPLOYMENT_TARGET = "8.0";
            LD_RUNPATH_SEARCH_PATHS = (
               "$(inherited)",
               "$(TOOLCHAIN_DIR)/usr/lib/swift/macosx"
            );
            MACOSX_DEPLOYMENT_TARGET = "10.10";
            OTHER_CFLAGS = (
               "$(inherited)"
            );
            OTHER_LDFLAGS = (
               "$(inherited)"
            );
            OTHER_SWIFT_FLAGS = (
               "$(inherited)"
            );
            PRODUCT_BUNDLE_IDENTIFIER = "KZFileWatchers";
            PRODUCT_MODULE_NAME = "$(TARGET_NAME:c99extidentifier)";
            PRODUCT_NAME = "$(TARGET_NAME:c99extidentifier)";
            SKIP_INSTALL = "YES";
            SWIFT_ACTIVE_COMPILATION_CONDITIONS = (
               "$(inherited)"
            );
            SWIFT_VERSION = "5.0";
            TARGET_NAME = "KZFileWatchers";
            TVOS_DEPLOYMENT_TARGET = "9.0";
            WATCHOS_DEPLOYMENT_TARGET = "2.0";
         };
         name = "Debug";
      };
      "OBJ_121" = {
         isa = "XCBuildConfiguration";
         baseConfigurationReference = "OBJ_8";
         buildSettings = {
            ENABLE_TESTABILITY = "YES";
            FRAMEWORK_SEARCH_PATHS = (
               "$(inherited)",
               "$(PLATFORM_DIR)/Developer/Library/Frameworks"
            );
            HEADER_SEARCH_PATHS = (
               "$(inherited)"
            );
            INFOPLIST_FILE = "Stylist.xcodeproj/KZFileWatchers_Info.plist";
            IPHONEOS_DEPLOYMENT_TARGET = "8.0";
            LD_RUNPATH_SEARCH_PATHS = (
               "$(inherited)",
               "$(TOOLCHAIN_DIR)/usr/lib/swift/macosx"
            );
            MACOSX_DEPLOYMENT_TARGET = "10.10";
            OTHER_CFLAGS = (
               "$(inherited)"
            );
            OTHER_LDFLAGS = (
               "$(inherited)"
            );
            OTHER_SWIFT_FLAGS = (
               "$(inherited)"
            );
            PRODUCT_BUNDLE_IDENTIFIER = "KZFileWatchers";
            PRODUCT_MODULE_NAME = "$(TARGET_NAME:c99extidentifier)";
            PRODUCT_NAME = "$(TARGET_NAME:c99extidentifier)";
            SKIP_INSTALL = "YES";
            SWIFT_ACTIVE_COMPILATION_CONDITIONS = (
               "$(inherited)"
            );
            SWIFT_VERSION = "5.0";
            TARGET_NAME = "KZFileWatchers";
            TVOS_DEPLOYMENT_TARGET = "9.0";
            WATCHOS_DEPLOYMENT_TARGET = "2.0";
         };
         name = "Release";
      };
      "OBJ_122" = {
         isa = "PBXSourcesBuildPhase";
         files = (
            "OBJ_123",
            "OBJ_124",
            "OBJ_125"
         );
      };
      "OBJ_123" = {
         isa = "PBXBuildFile";
         fileRef = "OBJ_78";
      };
      "OBJ_124" = {
         isa = "PBXBuildFile";
         fileRef = "OBJ_80";
      };
      "OBJ_125" = {
         isa = "PBXBuildFile";
         fileRef = "OBJ_82";
      };
      "OBJ_126" = {
         isa = "PBXFrameworksBuildPhase";
         files = (
         );
      };
      "OBJ_128" = {
         isa = "XCConfigurationList";
         buildConfigurations = (
            "OBJ_129",
            "OBJ_130"
         );
         defaultConfigurationIsVisible = "0";
         defaultConfigurationName = "Release";
      };
      "OBJ_129" = {
         isa = "XCBuildConfiguration";
         buildSettings = {
            LD = "/usr/bin/true";
            OTHER_SWIFT_FLAGS = (
               "-swift-version",
               "5",
               "-I",
               "$(TOOLCHAIN_DIR)/usr/lib/swift/pm/4_2",
               "-target",
               "x86_64-apple-macosx10.10",
               "-sdk",
               "/Applications/Xcode-beta-4.app/Contents/Developer/Platforms/MacOSX.platform/Developer/SDKs/MacOSX10.15.sdk",
               "-package-description-version",
               "5.1"
            );
            SWIFT_VERSION = "5.0";
         };
         name = "Debug";
      };
      "OBJ_13" = {
         isa = "PBXGroup";
         children = (
            "OBJ_14",
            "OBJ_15",
            "OBJ_16"
         );
         name = "Properties";
         path = "Properties";
         sourceTree = "<group>";
      };
      "OBJ_130" = {
         isa = "XCBuildConfiguration";
         buildSettings = {
            LD = "/usr/bin/true";
            OTHER_SWIFT_FLAGS = (
               "-swift-version",
               "5",
               "-I",
               "$(TOOLCHAIN_DIR)/usr/lib/swift/pm/4_2",
               "-target",
               "x86_64-apple-macosx10.10",
               "-sdk",
               "/Applications/Xcode-beta-4.app/Contents/Developer/Platforms/MacOSX.platform/Developer/SDKs/MacOSX10.15.sdk",
               "-package-description-version",
               "5.1"
            );
            SWIFT_VERSION = "5.0";
         };
         name = "Release";
      };
      "OBJ_131" = {
         isa = "PBXSourcesBuildPhase";
         files = (
            "OBJ_132"
         );
      };
      "OBJ_132" = {
         isa = "PBXBuildFile";
         fileRef = "OBJ_83";
      };
      "OBJ_134" = {
         isa = "XCConfigurationList";
         buildConfigurations = (
            "OBJ_135",
            "OBJ_136"
         );
         defaultConfigurationIsVisible = "0";
         defaultConfigurationName = "Release";
      };
      "OBJ_135" = {
         isa = "XCBuildConfiguration";
         baseConfigurationReference = "OBJ_8";
         buildSettings = {
            ENABLE_TESTABILITY = "YES";
            FRAMEWORK_SEARCH_PATHS = (
               "$(inherited)",
               "$(PLATFORM_DIR)/Developer/Library/Frameworks"
            );
            HEADER_SEARCH_PATHS = (
               "$(inherited)",
               "$(SRCROOT)/.build/checkouts/Yams/Sources/CYaml/include"
            );
            INFOPLIST_FILE = "Stylist.xcodeproj/Stylist_Info.plist";
            IPHONEOS_DEPLOYMENT_TARGET = "10.0";
            LD_RUNPATH_SEARCH_PATHS = (
               "$(inherited)",
               "$(TOOLCHAIN_DIR)/usr/lib/swift/macosx"
            );
            MACOSX_DEPLOYMENT_TARGET = "10.10";
            OTHER_CFLAGS = (
               "$(inherited)"
            );
            OTHER_LDFLAGS = (
               "$(inherited)"
            );
            OTHER_SWIFT_FLAGS = (
               "$(inherited)"
            );
            PRODUCT_BUNDLE_IDENTIFIER = "Stylist";
            PRODUCT_MODULE_NAME = "$(TARGET_NAME:c99extidentifier)";
            PRODUCT_NAME = "$(TARGET_NAME:c99extidentifier)";
            SKIP_INSTALL = "YES";
            SWIFT_ACTIVE_COMPILATION_CONDITIONS = (
               "$(inherited)"
            );
            SWIFT_VERSION = "5.0";
            TARGET_NAME = "Stylist";
            TVOS_DEPLOYMENT_TARGET = "9.0";
            WATCHOS_DEPLOYMENT_TARGET = "2.0";
         };
         name = "Debug";
      };
      "OBJ_136" = {
         isa = "XCBuildConfiguration";
         baseConfigurationReference = "OBJ_8";
         buildSettings = {
            ENABLE_TESTABILITY = "YES";
            FRAMEWORK_SEARCH_PATHS = (
               "$(inherited)",
               "$(PLATFORM_DIR)/Developer/Library/Frameworks"
            );
            HEADER_SEARCH_PATHS = (
               "$(inherited)",
               "$(SRCROOT)/.build/checkouts/Yams/Sources/CYaml/include"
            );
            INFOPLIST_FILE = "Stylist.xcodeproj/Stylist_Info.plist";
            IPHONEOS_DEPLOYMENT_TARGET = "10.0";
            LD_RUNPATH_SEARCH_PATHS = (
               "$(inherited)",
               "$(TOOLCHAIN_DIR)/usr/lib/swift/macosx"
            );
            MACOSX_DEPLOYMENT_TARGET = "10.10";
            OTHER_CFLAGS = (
               "$(inherited)"
            );
            OTHER_LDFLAGS = (
               "$(inherited)"
            );
            OTHER_SWIFT_FLAGS = (
               "$(inherited)"
            );
            PRODUCT_BUNDLE_IDENTIFIER = "Stylist";
            PRODUCT_MODULE_NAME = "$(TARGET_NAME:c99extidentifier)";
            PRODUCT_NAME = "$(TARGET_NAME:c99extidentifier)";
            SKIP_INSTALL = "YES";
            SWIFT_ACTIVE_COMPILATION_CONDITIONS = (
               "$(inherited)"
            );
            SWIFT_VERSION = "5.0";
            TARGET_NAME = "Stylist";
            TVOS_DEPLOYMENT_TARGET = "9.0";
            WATCHOS_DEPLOYMENT_TARGET = "2.0";
         };
         name = "Release";
      };
      "OBJ_137" = {
         isa = "PBXSourcesBuildPhase";
         files = (
            "OBJ_138",
            "OBJ_139",
            "OBJ_140",
            "OBJ_141",
            "OBJ_142",
            "OBJ_143",
            "OBJ_144",
            "OBJ_145",
            "OBJ_146",
            "OBJ_147",
            "OBJ_148",
            "OBJ_149",
            "OBJ_150",
            "OBJ_151",
            "OBJ_152",
            "OBJ_153",
            "OBJ_154",
            "OBJ_155",
            "OBJ_156",
            "OBJ_157",
            "OBJ_158",
            "OBJ_159"
         );
      };
      "OBJ_138" = {
         isa = "PBXBuildFile";
         fileRef = "OBJ_14";
      };
      "OBJ_139" = {
         isa = "PBXBuildFile";
         fileRef = "OBJ_15";
      };
      "OBJ_14" = {
         isa = "PBXFileReference";
         path = "BarItem.swift";
         sourceTree = "<group>";
      };
      "OBJ_140" = {
         isa = "PBXBuildFile";
         fileRef = "OBJ_16";
      };
      "OBJ_141" = {
         isa = "PBXBuildFile";
         fileRef = "OBJ_17";
      };
      "OBJ_142" = {
         isa = "PBXBuildFile";
         fileRef = "OBJ_18";
      };
      "OBJ_143" = {
         isa = "PBXBuildFile";
         fileRef = "OBJ_19";
      };
      "OBJ_144" = {
         isa = "PBXBuildFile";
         fileRef = "OBJ_20";
      };
      "OBJ_145" = {
         isa = "PBXBuildFile";
         fileRef = "OBJ_21";
      };
      "OBJ_146" = {
         isa = "PBXBuildFile";
         fileRef = "OBJ_22";
      };
      "OBJ_147" = {
         isa = "PBXBuildFile";
         fileRef = "OBJ_23";
      };
      "OBJ_148" = {
         isa = "PBXBuildFile";
         fileRef = "OBJ_24";
      };
      "OBJ_149" = {
         isa = "PBXBuildFile";
         fileRef = "OBJ_26";
      };
      "OBJ_15" = {
         isa = "PBXFileReference";
         path = "View.swift";
         sourceTree = "<group>";
      };
      "OBJ_150" = {
         isa = "PBXBuildFile";
         fileRef = "OBJ_27";
      };
      "OBJ_151" = {
         isa = "PBXBuildFile";
         fileRef = "OBJ_28";
      };
      "OBJ_152" = {
         isa = "PBXBuildFile";
         fileRef = "OBJ_29";
      };
      "OBJ_153" = {
         isa = "PBXBuildFile";
         fileRef = "OBJ_30";
      };
      "OBJ_154" = {
         isa = "PBXBuildFile";
         fileRef = "OBJ_31";
      };
      "OBJ_155" = {
         isa = "PBXBuildFile";
         fileRef = "OBJ_32";
      };
      "OBJ_156" = {
         isa = "PBXBuildFile";
         fileRef = "OBJ_33";
      };
      "OBJ_157" = {
         isa = "PBXBuildFile";
         fileRef = "OBJ_34";
      };
      "OBJ_158" = {
         isa = "PBXBuildFile";
         fileRef = "OBJ_35";
      };
      "OBJ_159" = {
         isa = "PBXBuildFile";
         fileRef = "OBJ_36";
      };
      "OBJ_16" = {
         isa = "PBXFileReference";
         path = "ViewController.swift";
         sourceTree = "<group>";
      };
      "OBJ_160" = {
         isa = "PBXFrameworksBuildPhase";
         files = (
            "OBJ_161",
            "OBJ_162",
            "OBJ_163"
         );
      };
      "OBJ_161" = {
         isa = "PBXBuildFile";
         fileRef = "Yams::Yams::Product";
      };
      "OBJ_162" = {
         isa = "PBXBuildFile";
         fileRef = "Yams::CYaml::Product";
      };
      "OBJ_163" = {
         isa = "PBXBuildFile";
         fileRef = "KZFileWatchers::KZFileWatchers::Product";
      };
      "OBJ_164" = {
         isa = "PBXTargetDependency";
         target = "Yams::Yams";
      };
      "OBJ_166" = {
         isa = "PBXTargetDependency";
         target = "Yams::CYaml";
      };
      "OBJ_167" = {
         isa = "PBXTargetDependency";
         target = "KZFileWatchers::KZFileWatchers";
      };
      "OBJ_169" = {
         isa = "XCConfigurationList";
         buildConfigurations = (
            "OBJ_170",
            "OBJ_171"
         );
         defaultConfigurationIsVisible = "0";
         defaultConfigurationName = "Release";
      };
      "OBJ_17" = {
         isa = "PBXFileReference";
         path = "PropertyContext.swift";
         sourceTree = "<group>";
      };
      "OBJ_170" = {
         isa = "XCBuildConfiguration";
         buildSettings = {
            LD = "/usr/bin/true";
            OTHER_SWIFT_FLAGS = (
               "-swift-version",
               "5",
               "-I",
               "$(TOOLCHAIN_DIR)/usr/lib/swift/pm/4_2",
               "-target",
               "x86_64-apple-macosx10.10",
               "-sdk",
               "/Applications/Xcode-beta-4.app/Contents/Developer/Platforms/MacOSX.platform/Developer/SDKs/MacOSX10.15.sdk",
               "-package-description-version",
               "5.1"
            );
            SWIFT_VERSION = "5.0";
         };
         name = "Debug";
      };
      "OBJ_171" = {
         isa = "XCBuildConfiguration";
         buildSettings = {
            LD = "/usr/bin/true";
            OTHER_SWIFT_FLAGS = (
               "-swift-version",
               "5",
               "-I",
               "$(TOOLCHAIN_DIR)/usr/lib/swift/pm/4_2",
               "-target",
               "x86_64-apple-macosx10.10",
               "-sdk",
               "/Applications/Xcode-beta-4.app/Contents/Developer/Platforms/MacOSX.platform/Developer/SDKs/MacOSX10.15.sdk",
               "-package-description-version",
               "5.1"
            );
            SWIFT_VERSION = "5.0";
         };
         name = "Release";
      };
      "OBJ_172" = {
         isa = "PBXSourcesBuildPhase";
         files = (
            "OBJ_173"
         );
      };
      "OBJ_173" = {
         isa = "PBXBuildFile";
         fileRef = "OBJ_6";
      };
      "OBJ_175" = {
         isa = "XCConfigurationList";
         buildConfigurations = (
            "OBJ_176",
            "OBJ_177"
         );
         defaultConfigurationIsVisible = "0";
         defaultConfigurationName = "Release";
      };
      "OBJ_176" = {
         isa = "XCBuildConfiguration";
         buildSettings = {
         };
         name = "Debug";
      };
      "OBJ_177" = {
         isa = "XCBuildConfiguration";
         buildSettings = {
         };
         name = "Release";
      };
      "OBJ_178" = {
         isa = "PBXTargetDependency";
         target = "Stylist::StylistTests";
      };
      "OBJ_18" = {
         isa = "PBXFileReference";
         path = "Style.swift";
         sourceTree = "<group>";
      };
      "OBJ_180" = {
         isa = "XCConfigurationList";
         buildConfigurations = (
            "OBJ_181",
            "OBJ_182"
         );
         defaultConfigurationIsVisible = "0";
         defaultConfigurationName = "Release";
      };
      "OBJ_181" = {
         isa = "XCBuildConfiguration";
         baseConfigurationReference = "OBJ_8";
         buildSettings = {
            CLANG_ENABLE_MODULES = "YES";
            EMBEDDED_CONTENT_CONTAINS_SWIFT = "YES";
            FRAMEWORK_SEARCH_PATHS = (
               "$(inherited)",
               "$(PLATFORM_DIR)/Developer/Library/Frameworks"
            );
            HEADER_SEARCH_PATHS = (
               "$(inherited)",
               "$(SRCROOT)/.build/checkouts/Yams/Sources/CYaml/include"
            );
            INFOPLIST_FILE = "Stylist.xcodeproj/StylistTests_Info.plist";
            IPHONEOS_DEPLOYMENT_TARGET = "10.0";
            LD_RUNPATH_SEARCH_PATHS = (
               "$(inherited)",
               "@loader_path/../Frameworks",
               "@loader_path/Frameworks"
            );
            MACOSX_DEPLOYMENT_TARGET = "10.10";
            OTHER_CFLAGS = (
               "$(inherited)"
            );
            OTHER_LDFLAGS = (
               "$(inherited)"
            );
            OTHER_SWIFT_FLAGS = (
               "$(inherited)"
            );
            SWIFT_ACTIVE_COMPILATION_CONDITIONS = (
               "$(inherited)"
            );
            SWIFT_VERSION = "5.0";
            TARGET_NAME = "StylistTests";
            TVOS_DEPLOYMENT_TARGET = "9.0";
            WATCHOS_DEPLOYMENT_TARGET = "2.0";
         };
         name = "Debug";
      };
      "OBJ_182" = {
         isa = "XCBuildConfiguration";
         baseConfigurationReference = "OBJ_8";
         buildSettings = {
            CLANG_ENABLE_MODULES = "YES";
            EMBEDDED_CONTENT_CONTAINS_SWIFT = "YES";
            FRAMEWORK_SEARCH_PATHS = (
               "$(inherited)",
               "$(PLATFORM_DIR)/Developer/Library/Frameworks"
            );
            HEADER_SEARCH_PATHS = (
               "$(inherited)",
               "$(SRCROOT)/.build/checkouts/Yams/Sources/CYaml/include"
            );
            INFOPLIST_FILE = "Stylist.xcodeproj/StylistTests_Info.plist";
            IPHONEOS_DEPLOYMENT_TARGET = "10.0";
            LD_RUNPATH_SEARCH_PATHS = (
               "$(inherited)",
               "@loader_path/../Frameworks",
               "@loader_path/Frameworks"
            );
            MACOSX_DEPLOYMENT_TARGET = "10.10";
            OTHER_CFLAGS = (
               "$(inherited)"
            );
            OTHER_LDFLAGS = (
               "$(inherited)"
            );
            OTHER_SWIFT_FLAGS = (
               "$(inherited)"
            );
            SWIFT_ACTIVE_COMPILATION_CONDITIONS = (
               "$(inherited)"
            );
            SWIFT_VERSION = "5.0";
            TARGET_NAME = "StylistTests";
            TVOS_DEPLOYMENT_TARGET = "9.0";
            WATCHOS_DEPLOYMENT_TARGET = "2.0";
         };
         name = "Release";
      };
      "OBJ_183" = {
         isa = "PBXSourcesBuildPhase";
         files = (
            "OBJ_184",
            "OBJ_185",
            "OBJ_186",
            "OBJ_187",
            "OBJ_188"
         );
      };
      "OBJ_184" = {
         isa = "PBXBuildFile";
         fileRef = "OBJ_39";
      };
      "OBJ_185" = {
         isa = "PBXBuildFile";
         fileRef = "OBJ_40";
      };
      "OBJ_186" = {
         isa = "PBXBuildFile";
         fileRef = "OBJ_41";
      };
      "OBJ_187" = {
         isa = "PBXBuildFile";
         fileRef = "OBJ_42";
      };
      "OBJ_188" = {
         isa = "PBXBuildFile";
         fileRef = "OBJ_43";
      };
      "OBJ_189" = {
         isa = "PBXFrameworksBuildPhase";
         files = (
            "OBJ_190",
            "OBJ_191",
            "OBJ_192",
            "OBJ_193"
         );
      };
      "OBJ_19" = {
         isa = "PBXFileReference";
         path = "StyleContext.swift";
         sourceTree = "<group>";
      };
      "OBJ_190" = {
         isa = "PBXBuildFile";
         fileRef = "Stylist::Stylist::Product";
      };
      "OBJ_191" = {
         isa = "PBXBuildFile";
         fileRef = "Yams::Yams::Product";
      };
      "OBJ_192" = {
         isa = "PBXBuildFile";
         fileRef = "Yams::CYaml::Product";
      };
      "OBJ_193" = {
         isa = "PBXBuildFile";
         fileRef = "KZFileWatchers::KZFileWatchers::Product";
      };
      "OBJ_194" = {
         isa = "PBXTargetDependency";
         target = "Stylist::Stylist";
      };
      "OBJ_195" = {
         isa = "PBXTargetDependency";
         target = "Yams::Yams";
      };
      "OBJ_196" = {
         isa = "PBXTargetDependency";
         target = "Yams::CYaml";
      };
      "OBJ_197" = {
         isa = "PBXTargetDependency";
         target = "KZFileWatchers::KZFileWatchers";
      };
      "OBJ_198" = {
         isa = "XCConfigurationList";
         buildConfigurations = (
            "OBJ_199",
            "OBJ_200"
         );
         defaultConfigurationIsVisible = "0";
         defaultConfigurationName = "Release";
      };
      "OBJ_199" = {
         isa = "XCBuildConfiguration";
         baseConfigurationReference = "OBJ_8";
         buildSettings = {
            ENABLE_TESTABILITY = "YES";
            FRAMEWORK_SEARCH_PATHS = (
               "$(inherited)",
               "$(PLATFORM_DIR)/Developer/Library/Frameworks"
            );
            HEADER_SEARCH_PATHS = (
               "$(inherited)",
               "$(SRCROOT)/.build/checkouts/Yams/Sources/CYaml/include"
            );
            INFOPLIST_FILE = "Stylist.xcodeproj/Yams_Info.plist";
            IPHONEOS_DEPLOYMENT_TARGET = "8.0";
            LD_RUNPATH_SEARCH_PATHS = (
               "$(inherited)",
               "$(TOOLCHAIN_DIR)/usr/lib/swift/macosx"
            );
            MACOSX_DEPLOYMENT_TARGET = "10.10";
            OTHER_CFLAGS = (
               "$(inherited)"
            );
            OTHER_LDFLAGS = (
               "$(inherited)"
            );
            OTHER_SWIFT_FLAGS = (
               "$(inherited)"
            );
            PRODUCT_BUNDLE_IDENTIFIER = "Yams";
            PRODUCT_MODULE_NAME = "$(TARGET_NAME:c99extidentifier)";
            PRODUCT_NAME = "$(TARGET_NAME:c99extidentifier)";
            SKIP_INSTALL = "YES";
            SWIFT_ACTIVE_COMPILATION_CONDITIONS = (
               "$(inherited)"
            );
            SWIFT_VERSION = "5.0";
            TARGET_NAME = "Yams";
            TVOS_DEPLOYMENT_TARGET = "9.0";
            WATCHOS_DEPLOYMENT_TARGET = "2.0";
         };
         name = "Debug";
      };
      "OBJ_2" = {
         isa = "XCConfigurationList";
         buildConfigurations = (
            "OBJ_3",
            "OBJ_4"
         );
         defaultConfigurationIsVisible = "0";
         defaultConfigurationName = "Release";
      };
      "OBJ_20" = {
         isa = "PBXFileReference";
         path = "StyleObject.swift";
         sourceTree = "<group>";
      };
      "OBJ_200" = {
         isa = "XCBuildConfiguration";
         baseConfigurationReference = "OBJ_8";
         buildSettings = {
            ENABLE_TESTABILITY = "YES";
            FRAMEWORK_SEARCH_PATHS = (
               "$(inherited)",
               "$(PLATFORM_DIR)/Developer/Library/Frameworks"
            );
            HEADER_SEARCH_PATHS = (
               "$(inherited)",
               "$(SRCROOT)/.build/checkouts/Yams/Sources/CYaml/include"
            );
            INFOPLIST_FILE = "Stylist.xcodeproj/Yams_Info.plist";
            IPHONEOS_DEPLOYMENT_TARGET = "8.0";
            LD_RUNPATH_SEARCH_PATHS = (
               "$(inherited)",
               "$(TOOLCHAIN_DIR)/usr/lib/swift/macosx"
            );
            MACOSX_DEPLOYMENT_TARGET = "10.10";
            OTHER_CFLAGS = (
               "$(inherited)"
            );
            OTHER_LDFLAGS = (
               "$(inherited)"
            );
            OTHER_SWIFT_FLAGS = (
               "$(inherited)"
            );
            PRODUCT_BUNDLE_IDENTIFIER = "Yams";
            PRODUCT_MODULE_NAME = "$(TARGET_NAME:c99extidentifier)";
            PRODUCT_NAME = "$(TARGET_NAME:c99extidentifier)";
            SKIP_INSTALL = "YES";
            SWIFT_ACTIVE_COMPILATION_CONDITIONS = (
               "$(inherited)"
            );
            SWIFT_VERSION = "5.0";
            TARGET_NAME = "Yams";
            TVOS_DEPLOYMENT_TARGET = "9.0";
            WATCHOS_DEPLOYMENT_TARGET = "2.0";
         };
         name = "Release";
      };
      "OBJ_201" = {
         isa = "PBXSourcesBuildPhase";
         files = (
            "OBJ_202",
            "OBJ_203",
            "OBJ_204",
            "OBJ_205",
            "OBJ_206",
            "OBJ_207",
            "OBJ_208",
            "OBJ_209",
            "OBJ_210",
            "OBJ_211",
            "OBJ_212",
            "OBJ_213",
            "OBJ_214",
            "OBJ_215",
            "OBJ_216",
            "OBJ_217"
         );
      };
      "OBJ_202" = {
         isa = "PBXBuildFile";
         fileRef = "OBJ_58";
      };
      "OBJ_203" = {
         isa = "PBXBuildFile";
         fileRef = "OBJ_59";
      };
      "OBJ_204" = {
         isa = "PBXBuildFile";
         fileRef = "OBJ_60";
      };
      "OBJ_205" = {
         isa = "PBXBuildFile";
         fileRef = "OBJ_61";
      };
      "OBJ_206" = {
         isa = "PBXBuildFile";
         fileRef = "OBJ_62";
      };
      "OBJ_207" = {
         isa = "PBXBuildFile";
         fileRef = "OBJ_63";
      };
      "OBJ_208" = {
         isa = "PBXBuildFile";
         fileRef = "OBJ_64";
      };
      "OBJ_209" = {
         isa = "PBXBuildFile";
         fileRef = "OBJ_65";
      };
      "OBJ_21" = {
         isa = "PBXFileReference";
         path = "StyleProperty.swift";
         sourceTree = "<group>";
      };
      "OBJ_210" = {
         isa = "PBXBuildFile";
         fileRef = "OBJ_66";
      };
      "OBJ_211" = {
         isa = "PBXBuildFile";
         fileRef = "OBJ_67";
      };
      "OBJ_212" = {
         isa = "PBXBuildFile";
         fileRef = "OBJ_68";
      };
      "OBJ_213" = {
         isa = "PBXBuildFile";
         fileRef = "OBJ_69";
      };
      "OBJ_214" = {
         isa = "PBXBuildFile";
         fileRef = "OBJ_70";
      };
      "OBJ_215" = {
         isa = "PBXBuildFile";
         fileRef = "OBJ_71";
      };
      "OBJ_216" = {
         isa = "PBXBuildFile";
         fileRef = "OBJ_72";
      };
      "OBJ_217" = {
         isa = "PBXBuildFile";
         fileRef = "OBJ_73";
      };
      "OBJ_218" = {
         isa = "PBXFrameworksBuildPhase";
         files = (
            "OBJ_219"
         );
      };
      "OBJ_219" = {
         isa = "PBXBuildFile";
         fileRef = "Yams::CYaml::Product";
      };
      "OBJ_22" = {
         isa = "PBXFileReference";
         path = "StylePropertyValue.swift";
         sourceTree = "<group>";
      };
      "OBJ_220" = {
         isa = "PBXTargetDependency";
         target = "Yams::CYaml";
      };
      "OBJ_222" = {
         isa = "XCConfigurationList";
         buildConfigurations = (
            "OBJ_223",
            "OBJ_224"
         );
         defaultConfigurationIsVisible = "0";
         defaultConfigurationName = "Release";
      };
      "OBJ_223" = {
         isa = "XCBuildConfiguration";
         buildSettings = {
            LD = "/usr/bin/true";
            OTHER_SWIFT_FLAGS = (
               "-swift-version",
               "5",
               "-I",
               "$(TOOLCHAIN_DIR)/usr/lib/swift/pm/4_2",
               "-target",
               "x86_64-apple-macosx10.10",
               "-sdk",
               "/Applications/Xcode-beta-4.app/Contents/Developer/Platforms/MacOSX.platform/Developer/SDKs/MacOSX10.15.sdk",
               "-package-description-version",
               "5"
            );
            SWIFT_VERSION = "5.0";
         };
         name = "Debug";
      };
      "OBJ_224" = {
         isa = "XCBuildConfiguration";
         buildSettings = {
            LD = "/usr/bin/true";
            OTHER_SWIFT_FLAGS = (
               "-swift-version",
               "5",
               "-I",
               "$(TOOLCHAIN_DIR)/usr/lib/swift/pm/4_2",
               "-target",
               "x86_64-apple-macosx10.10",
               "-sdk",
               "/Applications/Xcode-beta-4.app/Contents/Developer/Platforms/MacOSX.platform/Developer/SDKs/MacOSX10.15.sdk",
               "-package-description-version",
               "5"
            );
            SWIFT_VERSION = "5.0";
         };
         name = "Release";
      };
      "OBJ_225" = {
         isa = "PBXSourcesBuildPhase";
         files = (
            "OBJ_226"
         );
      };
      "OBJ_226" = {
         isa = "PBXBuildFile";
         fileRef = "OBJ_74";
      };
      "OBJ_23" = {
         isa = "PBXFileReference";
         path = "StyleSelector.swift";
         sourceTree = "<group>";
      };
      "OBJ_24" = {
         isa = "PBXFileReference";
         path = "StyleValue.swift";
         sourceTree = "<group>";
      };
      "OBJ_25" = {
         isa = "PBXGroup";
         children = (
            "OBJ_26",
            "OBJ_27",
            "OBJ_28",
            "OBJ_29",
            "OBJ_30",
            "OBJ_31"
         );
         name = "StyleValues";
         path = "StyleValues";
         sourceTree = "<group>";
      };
      "OBJ_26" = {
         isa = "PBXFileReference";
         path = "Color.swift";
         sourceTree = "<group>";
      };
      "OBJ_27" = {
         isa = "PBXFileReference";
         path = "Font.swift";
         sourceTree = "<group>";
      };
      "OBJ_28" = {
         isa = "PBXFileReference";
         path = "Image.swift";
         sourceTree = "<group>";
      };
      "OBJ_29" = {
         isa = "PBXFileReference";
         path = "LayoutAnchor.swift";
         sourceTree = "<group>";
      };
      "OBJ_3" = {
         isa = "XCBuildConfiguration";
         buildSettings = {
            CLANG_ENABLE_OBJC_ARC = "YES";
            COMBINE_HIDPI_IMAGES = "YES";
            COPY_PHASE_STRIP = "NO";
            DEBUG_INFORMATION_FORMAT = "dwarf";
            DYLIB_INSTALL_NAME_BASE = "@rpath";
            ENABLE_NS_ASSERTIONS = "YES";
            GCC_OPTIMIZATION_LEVEL = "0";
            GCC_PREPROCESSOR_DEFINITIONS = (
               "$(inherited)",
               "SWIFT_PACKAGE=1",
               "DEBUG=1"
            );
            MACOSX_DEPLOYMENT_TARGET = "10.10";
            ONLY_ACTIVE_ARCH = "YES";
            OTHER_SWIFT_FLAGS = (
               "$(inherited)",
               "-DXcode"
            );
            PRODUCT_NAME = "$(TARGET_NAME)";
            SDKROOT = "macosx";
            SUPPORTED_PLATFORMS = (
               "macosx",
               "iphoneos",
               "iphonesimulator",
               "appletvos",
               "appletvsimulator",
               "watchos",
               "watchsimulator"
            );
            SWIFT_ACTIVE_COMPILATION_CONDITIONS = (
               "$(inherited)",
               "SWIFT_PACKAGE",
               "DEBUG"
            );
            SWIFT_OPTIMIZATION_LEVEL = "-Onone";
            USE_HEADERMAP = "NO";
         };
         name = "Debug";
      };
      "OBJ_30" = {
         isa = "PBXFileReference";
         path = "Swift.swift";
         sourceTree = "<group>";
      };
      "OBJ_31" = {
         isa = "PBXFileReference";
         path = "UIKit.swift";
         sourceTree = "<group>";
      };
      "OBJ_32" = {
         isa = "PBXFileReference";
         path = "Styleable.swift";
         sourceTree = "<group>";
      };
      "OBJ_33" = {
         isa = "PBXFileReference";
         path = "Stylist.swift";
         sourceTree = "<group>";
      };
      "OBJ_34" = {
         isa = "PBXFileReference";
         path = "Swizzle.swift";
         sourceTree = "<group>";
      };
      "OBJ_35" = {
         isa = "PBXFileReference";
         path = "Theme.swift";
         sourceTree = "<group>";
      };
      "OBJ_36" = {
         isa = "PBXFileReference";
         path = "ThemeError.swift";
         sourceTree = "<group>";
      };
      "OBJ_37" = {
         isa = "PBXGroup";
         children = (
            "OBJ_38",
            "OBJ_39",
            "OBJ_40",
            "OBJ_41",
            "OBJ_42",
            "OBJ_43"
         );
         name = "Tests";
         path = "Tests";
         sourceTree = "SOURCE_ROOT";
      };
      "OBJ_38" = {
         isa = "PBXFileReference";
         path = "Info.plist";
         sourceTree = "<group>";
      };
      "OBJ_39" = {
         isa = "PBXFileReference";
         path = "StyleValueParsingTests.swift";
         sourceTree = "<group>";
      };
      "OBJ_4" = {
         isa = "XCBuildConfiguration";
         buildSettings = {
            CLANG_ENABLE_OBJC_ARC = "YES";
            COMBINE_HIDPI_IMAGES = "YES";
            COPY_PHASE_STRIP = "YES";
            DEBUG_INFORMATION_FORMAT = "dwarf-with-dsym";
            DYLIB_INSTALL_NAME_BASE = "@rpath";
            GCC_OPTIMIZATION_LEVEL = "s";
            GCC_PREPROCESSOR_DEFINITIONS = (
               "$(inherited)",
               "SWIFT_PACKAGE=1"
            );
            MACOSX_DEPLOYMENT_TARGET = "10.10";
            OTHER_SWIFT_FLAGS = (
               "$(inherited)",
               "-DXcode"
            );
            PRODUCT_NAME = "$(TARGET_NAME)";
            SDKROOT = "macosx";
            SUPPORTED_PLATFORMS = (
               "macosx",
               "iphoneos",
               "iphonesimulator",
               "appletvos",
               "appletvsimulator",
               "watchos",
               "watchsimulator"
            );
            SWIFT_ACTIVE_COMPILATION_CONDITIONS = (
               "$(inherited)",
               "SWIFT_PACKAGE"
            );
            SWIFT_OPTIMIZATION_LEVEL = "-Owholemodule";
            USE_HEADERMAP = "NO";
         };
         name = "Release";
      };
      "OBJ_40" = {
         isa = "PBXFileReference";
         path = "StylistTests.swift";
         sourceTree = "<group>";
      };
      "OBJ_41" = {
         isa = "PBXFileReference";
         path = "TestHelpers.swift";
         sourceTree = "<group>";
      };
      "OBJ_42" = {
         isa = "PBXFileReference";
         path = "ThemeDecodingTests.swift";
         sourceTree = "<group>";
      };
      "OBJ_43" = {
         isa = "PBXFileReference";
         path = "ViewPropertyTests.swift";
         sourceTree = "<group>";
      };
      "OBJ_44" = {
         isa = "PBXGroup";
         children = (
            "OBJ_45",
            "OBJ_75"
         );
         name = "Dependencies";
         path = "";
         sourceTree = "<group>";
      };
      "OBJ_45" = {
         isa = "PBXGroup";
         children = (
            "OBJ_46",
            "OBJ_57",
            "OBJ_74"
         );
         name = "Yams 2.0.0";
         path = "";
         sourceTree = "SOURCE_ROOT";
      };
      "OBJ_46" = {
         isa = "PBXGroup";
         children = (
            "OBJ_47",
            "OBJ_54"
         );
         name = "CYaml";
         path = ".build/checkouts/Yams/Sources/CYaml";
         sourceTree = "SOURCE_ROOT";
      };
      "OBJ_47" = {
         isa = "PBXGroup";
         children = (
            "OBJ_48",
            "OBJ_49",
            "OBJ_50",
            "OBJ_51",
            "OBJ_52",
            "OBJ_53"
         );
         name = "src";
         path = "src";
         sourceTree = "<group>";
      };
      "OBJ_48" = {
         isa = "PBXFileReference";
         path = "api.c";
         sourceTree = "<group>";
      };
      "OBJ_49" = {
         isa = "PBXFileReference";
         path = "emitter.c";
         sourceTree = "<group>";
      };
      "OBJ_5" = {
         isa = "PBXGroup";
         children = (
            "OBJ_6",
            "OBJ_7",
            "OBJ_9",
            "OBJ_37",
            "OBJ_44",
            "OBJ_84",
            "OBJ_90",
            "OBJ_91",
            "OBJ_92",
            "OBJ_93",
            "OBJ_94",
            "OBJ_95",
            "OBJ_96",
            "OBJ_97",
            "OBJ_98",
            "OBJ_99",
            "OBJ_100",
            "OBJ_101",
            "OBJ_102"
         );
         path = "";
         sourceTree = "<group>";
      };
      "OBJ_50" = {
         isa = "PBXFileReference";
         path = "parser.c";
         sourceTree = "<group>";
      };
      "OBJ_51" = {
         isa = "PBXFileReference";
         path = "reader.c";
         sourceTree = "<group>";
      };
      "OBJ_52" = {
         isa = "PBXFileReference";
         path = "scanner.c";
         sourceTree = "<group>";
      };
      "OBJ_53" = {
         isa = "PBXFileReference";
         path = "writer.c";
         sourceTree = "<group>";
      };
      "OBJ_54" = {
         isa = "PBXGroup";
         children = (
            "OBJ_55",
            "OBJ_56"
         );
         name = "include";
         path = "include";
         sourceTree = "<group>";
      };
      "OBJ_55" = {
         isa = "PBXFileReference";
         path = "CYaml.h";
         sourceTree = "<group>";
      };
      "OBJ_56" = {
         isa = "PBXFileReference";
         path = "yaml.h";
         sourceTree = "<group>";
      };
      "OBJ_57" = {
         isa = "PBXGroup";
         children = (
            "OBJ_58",
            "OBJ_59",
            "OBJ_60",
            "OBJ_61",
            "OBJ_62",
            "OBJ_63",
            "OBJ_64",
            "OBJ_65",
            "OBJ_66",
            "OBJ_67",
            "OBJ_68",
            "OBJ_69",
            "OBJ_70",
            "OBJ_71",
            "OBJ_72",
            "OBJ_73"
         );
         name = "Yams";
         path = ".build/checkouts/Yams/Sources/Yams";
         sourceTree = "SOURCE_ROOT";
      };
      "OBJ_58" = {
         isa = "PBXFileReference";
         path = "Constructor.swift";
         sourceTree = "<group>";
      };
      "OBJ_59" = {
         isa = "PBXFileReference";
         path = "Decoder.swift";
         sourceTree = "<group>";
      };
      "OBJ_6" = {
         isa = "PBXFileReference";
         explicitFileType = "sourcecode.swift";
         path = "Package.swift";
         sourceTree = "<group>";
      };
      "OBJ_60" = {
         isa = "PBXFileReference";
         path = "Emitter.swift";
         sourceTree = "<group>";
      };
      "OBJ_61" = {
         isa = "PBXFileReference";
         path = "Encoder.swift";
         sourceTree = "<group>";
      };
      "OBJ_62" = {
         isa = "PBXFileReference";
         path = "Mark.swift";
         sourceTree = "<group>";
      };
      "OBJ_63" = {
         isa = "PBXFileReference";
         path = "Node.Mapping.swift";
         sourceTree = "<group>";
      };
      "OBJ_64" = {
         isa = "PBXFileReference";
         path = "Node.Scalar.swift";
         sourceTree = "<group>";
      };
      "OBJ_65" = {
         isa = "PBXFileReference";
         path = "Node.Sequence.swift";
         sourceTree = "<group>";
      };
      "OBJ_66" = {
         isa = "PBXFileReference";
         path = "Node.swift";
         sourceTree = "<group>";
      };
      "OBJ_67" = {
         isa = "PBXFileReference";
         path = "Parser.swift";
         sourceTree = "<group>";
      };
      "OBJ_68" = {
         isa = "PBXFileReference";
         path = "Representer.swift";
         sourceTree = "<group>";
      };
      "OBJ_69" = {
         isa = "PBXFileReference";
         path = "Resolver.swift";
         sourceTree = "<group>";
      };
      "OBJ_7" = {
         isa = "PBXGroup";
         children = (
            "OBJ_8"
         );
         name = "Configs";
         path = "";
         sourceTree = "<group>";
      };
      "OBJ_70" = {
         isa = "PBXFileReference";
         path = "String+Yams.swift";
         sourceTree = "<group>";
      };
      "OBJ_71" = {
         isa = "PBXFileReference";
         path = "Tag.swift";
         sourceTree = "<group>";
      };
      "OBJ_72" = {
         isa = "PBXFileReference";
         path = "YamlError.swift";
         sourceTree = "<group>";
      };
      "OBJ_73" = {
         isa = "PBXFileReference";
         path = "shim.swift";
         sourceTree = "<group>";
      };
      "OBJ_74" = {
         isa = "PBXFileReference";
         explicitFileType = "sourcecode.swift";
         name = "Package.swift";
         path = "/Users/rmenezes/Projects/Stylist/.build/checkouts/Yams/Package.swift";
         sourceTree = "<group>";
      };
      "OBJ_75" = {
         isa = "PBXGroup";
         children = (
            "OBJ_76",
            "OBJ_83"
         );
         name = "KZFileWatchers";
         path = "";
         sourceTree = "SOURCE_ROOT";
      };
      "OBJ_76" = {
         isa = "PBXGroup";
         children = (
            "OBJ_77"
         );
         name = "KZFileWatchers";
         path = ".build/checkouts/KZFileWatchers/KZFileWatchers";
         sourceTree = "SOURCE_ROOT";
      };
      "OBJ_77" = {
         isa = "PBXGroup";
         children = (
            "OBJ_78",
            "OBJ_79",
            "OBJ_81"
         );
         name = "Classes";
         path = "Classes";
         sourceTree = "<group>";
      };
      "OBJ_78" = {
         isa = "PBXFileReference";
         path = "Common.swift";
         sourceTree = "<group>";
      };
      "OBJ_79" = {
         isa = "PBXGroup";
         children = (
            "OBJ_80"
         );
         name = "Local";
         path = "Local";
         sourceTree = "<group>";
      };
      "OBJ_8" = {
         isa = "PBXFileReference";
         name = "ios.xcconfig";
         path = "Stylist/ios.xcconfig";
         sourceTree = "<group>";
      };
      "OBJ_80" = {
         isa = "PBXFileReference";
         path = "Local.swift";
         sourceTree = "<group>";
      };
      "OBJ_81" = {
         isa = "PBXGroup";
         children = (
            "OBJ_82"
         );
         name = "Remote";
         path = "Remote";
         sourceTree = "<group>";
      };
      "OBJ_82" = {
         isa = "PBXFileReference";
         path = "Remote.swift";
         sourceTree = "<group>";
      };
      "OBJ_83" = {
         isa = "PBXFileReference";
         explicitFileType = "sourcecode.swift";
         name = "Package.swift";
         path = "/Users/rmenezes/Projects/Stylist/.build/checkouts/KZFileWatchers/Package.swift";
         sourceTree = "<group>";
      };
      "OBJ_84" = {
         isa = "PBXGroup";
         children = (
            "KZFileWatchers::KZFileWatchers::Product",
            "Stylist::Stylist::Product",
            "Yams::CYaml::Product",
            "Stylist::StylistTests::Product",
            "Yams::Yams::Product"
         );
         name = "Products";
         path = "";
         sourceTree = "BUILT_PRODUCTS_DIR";
      };
      "OBJ_9" = {
         isa = "PBXGroup";
         children = (
            "OBJ_10"
         );
         name = "Sources";
         path = "";
         sourceTree = "SOURCE_ROOT";
      };
      "OBJ_90" = {
         isa = "PBXFileReference";
         path = "Stylist";
         sourceTree = "SOURCE_ROOT";
      };
      "OBJ_91" = {
         isa = "PBXFileReference";
         path = "Example";
         sourceTree = "SOURCE_ROOT";
      };
      "OBJ_92" = {
         isa = "PBXFileReference";
         path = "Resources";
         sourceTree = "SOURCE_ROOT";
      };
      "OBJ_93" = {
         isa = "PBXFileReference";
         path = "Docs";
         sourceTree = "SOURCE_ROOT";
      };
      "OBJ_94" = {
         isa = "PBXFileReference";
         path = "Pods";
         sourceTree = "SOURCE_ROOT";
      };
      "OBJ_95" = {
         isa = "PBXFileReference";
         path = "Stylist.xcworkspace";
         sourceTree = "SOURCE_ROOT";
      };
      "OBJ_96" = {
         isa = "PBXFileReference";
         path = "LICENSE";
         sourceTree = "<group>";
      };
      "OBJ_97" = {
         isa = "PBXFileReference";
         path = "CHANGELOG.md";
         sourceTree = "<group>";
      };
      "OBJ_98" = {
         isa = "PBXFileReference";
         path = "Cartfile";
         sourceTree = "<group>";
      };
      "OBJ_99" = {
         isa = "PBXFileReference";
         path = "README.md";
         sourceTree = "<group>";
      };
      "Stylist::Stylist" = {
         isa = "PBXNativeTarget";
         buildConfigurationList = "OBJ_134";
         buildPhases = (
            "OBJ_137",
            "OBJ_160"
         );
         dependencies = (
            "OBJ_164",
            "OBJ_166",
            "OBJ_167"
         );
         name = "Stylist";
         productName = "Stylist";
         productReference = "Stylist::Stylist::Product";
         productType = "com.apple.product-type.framework";
      };
      "Stylist::Stylist::Product" = {
         isa = "PBXFileReference";
         path = "Stylist.framework";
         sourceTree = "BUILT_PRODUCTS_DIR";
      };
      "Stylist::StylistPackageTests::ProductTarget" = {
         isa = "PBXAggregateTarget";
         buildConfigurationList = "OBJ_175";
         buildPhases = (
         );
         dependencies = (
            "OBJ_178"
         );
         name = "StylistPackageTests";
         productName = "StylistPackageTests";
      };
      "Stylist::StylistTests" = {
         isa = "PBXNativeTarget";
         buildConfigurationList = "OBJ_180";
         buildPhases = (
            "OBJ_183",
            "OBJ_189"
         );
         dependencies = (
            "OBJ_194",
            "OBJ_195",
            "OBJ_196",
            "OBJ_197"
         );
         name = "StylistTests";
         productName = "StylistTests";
         productReference = "Stylist::StylistTests::Product";
         productType = "com.apple.product-type.bundle.unit-test";
      };
      "Stylist::StylistTests::Product" = {
         isa = "PBXFileReference";
         path = "StylistTests.xctest";
         sourceTree = "BUILT_PRODUCTS_DIR";
      };
      "Stylist::SwiftPMPackageDescription" = {
         isa = "PBXNativeTarget";
         buildConfigurationList = "OBJ_169";
         buildPhases = (
            "OBJ_172"
         );
         dependencies = (
         );
         name = "StylistPackageDescription";
         productName = "StylistPackageDescription";
         productType = "com.apple.product-type.framework";
      };
      "Yams::CYaml" = {
         isa = "PBXNativeTarget";
         buildConfigurationList = "OBJ_104";
         buildPhases = (
            "OBJ_107",
            "OBJ_114",
            "OBJ_117"
         );
         dependencies = (
         );
         name = "CYaml";
         productName = "CYaml";
         productReference = "Yams::CYaml::Product";
         productType = "com.apple.product-type.framework";
      };
      "Yams::CYaml::Product" = {
         isa = "PBXFileReference";
         path = "CYaml.framework";
         sourceTree = "BUILT_PRODUCTS_DIR";
      };
      "Yams::SwiftPMPackageDescription" = {
         isa = "PBXNativeTarget";
         buildConfigurationList = "OBJ_222";
         buildPhases = (
            "OBJ_225"
         );
         dependencies = (
         );
         name = "YamsPackageDescription";
         productName = "YamsPackageDescription";
         productType = "com.apple.product-type.framework";
      };
      "Yams::Yams" = {
         isa = "PBXNativeTarget";
         buildConfigurationList = "OBJ_198";
         buildPhases = (
            "OBJ_201",
            "OBJ_218"
         );
         dependencies = (
            "OBJ_220"
         );
         name = "Yams";
         productName = "Yams";
         productReference = "Yams::Yams::Product";
         productType = "com.apple.product-type.framework";
      };
      "Yams::Yams::Product" = {
         isa = "PBXFileReference";
         path = "Yams.framework";
         sourceTree = "BUILT_PRODUCTS_DIR";
      };
   };
   rootObject = "OBJ_1";
}
